
Microsoft Visual Studio Solution File, Format Version 12.00
# Visual Studio Version 17
VisualStudioVersion = 17.4.33122.133
MinimumVisualStudioVersion = 10.0.40219.1
Project("{8BC9CEB8-8B4A-11D0-8D11-00A0C91BC942}") = "01_homework", "01_homework\01_homework.vcxproj", "{BADC5B0F-9604-486D-8465-9C97C1B80947}"
EndProject
Project("{8BC9CEB8-8B4A-11D0-8D11-00A0C91BC942}") = "02.1_homework", "02_homework\02_homework.vcxproj", "{7E253426-3419-482B-A5CC-8BDB52695E57}"
EndProject
Project("{8BC9CEB8-8B4A-11D0-8D11-00A0C91BC942}") = "02.2_homework", "02.1_homework\02.1_homework.vcxproj", "{E3F5212C-FB16-4BFB-A2D4-895A9BAA232B}"
EndProject
Project("{8BC9CEB8-8B4A-11D0-8D11-00A0C91BC942}") = "03.1_homework", "03.1_homework\03.1_homework.vcxproj", "{097D4AB7-87E8-43A3-AA82-54C31843880C}"
EndProject
Project("{8BC9CEB8-8B4A-11D0-8D11-00A0C91BC942}") = "04_homework", "04_homework\04_homework.vcxproj", "{5CBE79E1-7AA3-4633-BCEF-334E6D98A6EE}"
EndProject
Project("{8BC9CEB8-8B4A-11D0-8D11-00A0C91BC942}") = "05_homework", "05_homework\05_homework.vcxproj", "{70127023-2567-423E-8C07-2F0961FB041B}"
EndProject
Project("{8BC9CEB8-8B4A-11D0-8D11-00A0C91BC942}") = "06_homework", "06_homework\06_homework.vcxproj", "{42C61FE6-61D1-4652-8C19-EAC5DBDE919C}"
EndProject
Project("{8BC9CEB8-8B4A-11D0-8D11-00A0C91BC942}") = "07_homework", "07_homework\07_homework.vcxproj", "{FF2EA95B-0DF3-4327-9232-9D52C1D25780}"
EndProject
Project("{8BC9CEB8-8B4A-11D0-8D11-00A0C91BC942}") = "08_homework", "08_homework\08_homework.vcxproj", "{6A81232D-6BDB-44D1-BCA8-2319B2652DC0}"
EndProject
Project("{8BC9CEB8-8B4A-11D0-8D11-00A0C91BC942}") = "09_homework (Class Wars)", "09_homework\09_homework.vcxproj", "{B0D018CA-1967-4A4F-8B89-8A125B4A97C4}"
EndProject
Project("{8BC9CEB8-8B4A-11D0-8D11-00A0C91BC942}") = "10_homework", "10_homework\10_homework.vcxproj", "{18250E49-3B33-4032-B25B-31592AA4CFFA}"
EndProject
Global
	GlobalSection(SolutionConfigurationPlatforms) = preSolution
		Debug|x64 = Debug|x64
		Debug|x86 = Debug|x86
		Release|x64 = Release|x64
		Release|x86 = Release|x86
	EndGlobalSection
	GlobalSection(ProjectConfigurationPlatforms) = postSolution
		{BADC5B0F-9604-486D-8465-9C97C1B80947}.Debug|x64.ActiveCfg = Debug|x64
		{BADC5B0F-9604-486D-8465-9C97C1B80947}.Debug|x64.Build.0 = Debug|x64
		{BADC5B0F-9604-486D-8465-9C97C1B80947}.Debug|x86.ActiveCfg = Debug|Win32
		{BADC5B0F-9604-486D-8465-9C97C1B80947}.Debug|x86.Build.0 = Debug|Win32
		{BADC5B0F-9604-486D-8465-9C97C1B80947}.Release|x64.ActiveCfg = Release|x64
		{BADC5B0F-9604-486D-8465-9C97C1B80947}.Release|x64.Build.0 = Release|x64
		{BADC5B0F-9604-486D-8465-9C97C1B80947}.Release|x86.ActiveCfg = Release|Win32
		{BADC5B0F-9604-486D-8465-9C97C1B80947}.Release|x86.Build.0 = Release|Win32
		{7E253426-3419-482B-A5CC-8BDB52695E57}.Debug|x64.ActiveCfg = Debug|x64
		{7E253426-3419-482B-A5CC-8BDB52695E57}.Debug|x64.Build.0 = Debug|x64
		{7E253426-3419-482B-A5CC-8BDB52695E57}.Debug|x86.ActiveCfg = Debug|Win32
		{7E253426-3419-482B-A5CC-8BDB52695E57}.Debug|x86.Build.0 = Debug|Win32
		{7E253426-3419-482B-A5CC-8BDB52695E57}.Release|x64.ActiveCfg = Release|x64
		{7E253426-3419-482B-A5CC-8BDB52695E57}.Release|x64.Build.0 = Release|x64
		{7E253426-3419-482B-A5CC-8BDB52695E57}.Release|x86.ActiveCfg = Release|Win32
		{7E253426-3419-482B-A5CC-8BDB52695E57}.Release|x86.Build.0 = Release|Win32
		{E3F5212C-FB16-4BFB-A2D4-895A9BAA232B}.Debug|x64.ActiveCfg = Debug|x64
		{E3F5212C-FB16-4BFB-A2D4-895A9BAA232B}.Debug|x64.Build.0 = Debug|x64
		{E3F5212C-FB16-4BFB-A2D4-895A9BAA232B}.Debug|x86.ActiveCfg = Debug|Win32
		{E3F5212C-FB16-4BFB-A2D4-895A9BAA232B}.Debug|x86.Build.0 = Debug|Win32
		{E3F5212C-FB16-4BFB-A2D4-895A9BAA232B}.Release|x64.ActiveCfg = Release|x64
		{E3F5212C-FB16-4BFB-A2D4-895A9BAA232B}.Release|x64.Build.0 = Release|x64
		{E3F5212C-FB16-4BFB-A2D4-895A9BAA232B}.Release|x86.ActiveCfg = Release|Win32
		{E3F5212C-FB16-4BFB-A2D4-895A9BAA232B}.Release|x86.Build.0 = Release|Win32
		{097D4AB7-87E8-43A3-AA82-54C31843880C}.Debug|x64.ActiveCfg = Debug|x64
		{097D4AB7-87E8-43A3-AA82-54C31843880C}.Debug|x64.Build.0 = Debug|x64
		{097D4AB7-87E8-43A3-AA82-54C31843880C}.Debug|x86.ActiveCfg = Debug|Win32
		{097D4AB7-87E8-43A3-AA82-54C31843880C}.Debug|x86.Build.0 = Debug|Win32
		{097D4AB7-87E8-43A3-AA82-54C31843880C}.Release|x64.ActiveCfg = Release|x64
		{097D4AB7-87E8-43A3-AA82-54C31843880C}.Release|x64.Build.0 = Release|x64
		{097D4AB7-87E8-43A3-AA82-54C31843880C}.Release|x86.ActiveCfg = Release|Win32
		{097D4AB7-87E8-43A3-AA82-54C31843880C}.Release|x86.Build.0 = Release|Win32
		{5CBE79E1-7AA3-4633-BCEF-334E6D98A6EE}.Debug|x64.ActiveCfg = Debug|x64
		{5CBE79E1-7AA3-4633-BCEF-334E6D98A6EE}.Debug|x64.Build.0 = Debug|x64
		{5CBE79E1-7AA3-4633-BCEF-334E6D98A6EE}.Debug|x86.ActiveCfg = Debug|Win32
		{5CBE79E1-7AA3-4633-BCEF-334E6D98A6EE}.Debug|x86.Build.0 = Debug|Win32
		{5CBE79E1-7AA3-4633-BCEF-334E6D98A6EE}.Release|x64.ActiveCfg = Release|x64
		{5CBE79E1-7AA3-4633-BCEF-334E6D98A6EE}.Release|x64.Build.0 = Release|x64
		{5CBE79E1-7AA3-4633-BCEF-334E6D98A6EE}.Release|x86.ActiveCfg = Release|Win32
		{5CBE79E1-7AA3-4633-BCEF-334E6D98A6EE}.Release|x86.Build.0 = Release|Win32
		{70127023-2567-423E-8C07-2F0961FB041B}.Debug|x64.ActiveCfg = Debug|x64
		{70127023-2567-423E-8C07-2F0961FB041B}.Debug|x64.Build.0 = Debug|x64
		{70127023-2567-423E-8C07-2F0961FB041B}.Debug|x86.ActiveCfg = Debug|Win32
		{70127023-2567-423E-8C07-2F0961FB041B}.Debug|x86.Build.0 = Debug|Win32
		{70127023-2567-423E-8C07-2F0961FB041B}.Release|x64.ActiveCfg = Release|x64
		{70127023-2567-423E-8C07-2F0961FB041B}.Release|x64.Build.0 = Release|x64
		{70127023-2567-423E-8C07-2F0961FB041B}.Release|x86.ActiveCfg = Release|Win32
		{70127023-2567-423E-8C07-2F0961FB041B}.Release|x86.Build.0 = Release|Win32
		{42C61FE6-61D1-4652-8C19-EAC5DBDE919C}.Debug|x64.ActiveCfg = Debug|x64
		{42C61FE6-61D1-4652-8C19-EAC5DBDE919C}.Debug|x64.Build.0 = Debug|x64
		{42C61FE6-61D1-4652-8C19-EAC5DBDE919C}.Debug|x86.ActiveCfg = Debug|Win32
		{42C61FE6-61D1-4652-8C19-EAC5DBDE919C}.Debug|x86.Build.0 = Debug|Win32
		{42C61FE6-61D1-4652-8C19-EAC5DBDE919C}.Release|x64.ActiveCfg = Release|x64
		{42C61FE6-61D1-4652-8C19-EAC5DBDE919C}.Release|x64.Build.0 = Release|x64
		{42C61FE6-61D1-4652-8C19-EAC5DBDE919C}.Release|x86.ActiveCfg = Release|Win32
		{42C61FE6-61D1-4652-8C19-EAC5DBDE919C}.Release|x86.Build.0 = Release|Win32
		{FF2EA95B-0DF3-4327-9232-9D52C1D25780}.Debug|x64.ActiveCfg = Debug|x64
		{FF2EA95B-0DF3-4327-9232-9D52C1D25780}.Debug|x64.Build.0 = Debug|x64
		{FF2EA95B-0DF3-4327-9232-9D52C1D25780}.Debug|x86.ActiveCfg = Debug|Win32
		{FF2EA95B-0DF3-4327-9232-9D52C1D25780}.Debug|x86.Build.0 = Debug|Win32
		{FF2EA95B-0DF3-4327-9232-9D52C1D25780}.Release|x64.ActiveCfg = Release|x64
		{FF2EA95B-0DF3-4327-9232-9D52C1D25780}.Release|x64.Build.0 = Release|x64
		{FF2EA95B-0DF3-4327-9232-9D52C1D25780}.Release|x86.ActiveCfg = Release|Win32
		{FF2EA95B-0DF3-4327-9232-9D52C1D25780}.Release|x86.Build.0 = Release|Win32
		{6A81232D-6BDB-44D1-BCA8-2319B2652DC0}.Debug|x64.ActiveCfg = Debug|x64
		{6A81232D-6BDB-44D1-BCA8-2319B2652DC0}.Debug|x64.Build.0 = Debug|x64
		{6A81232D-6BDB-44D1-BCA8-2319B2652DC0}.Debug|x86.ActiveCfg = Debug|Win32
		{6A81232D-6BDB-44D1-BCA8-2319B2652DC0}.Debug|x86.Build.0 = Debug|Win32
		{6A81232D-6BDB-44D1-BCA8-2319B2652DC0}.Release|x64.ActiveCfg = Release|x64
		{6A81232D-6BDB-44D1-BCA8-2319B2652DC0}.Release|x64.Build.0 = Release|x64
		{6A81232D-6BDB-44D1-BCA8-2319B2652DC0}.Release|x86.ActiveCfg = Release|Win32
		{6A81232D-6BDB-44D1-BCA8-2319B2652DC0}.Release|x86.Build.0 = Release|Win32
		{B0D018CA-1967-4A4F-8B89-8A125B4A97C4}.Debug|x64.ActiveCfg = Debug|x64
		{B0D018CA-1967-4A4F-8B89-8A125B4A97C4}.Debug|x64.Build.0 = Debug|x64
		{B0D018CA-1967-4A4F-8B89-8A125B4A97C4}.Debug|x86.ActiveCfg = Debug|Win32
		{B0D018CA-1967-4A4F-8B89-8A125B4A97C4}.Debug|x86.Build.0 = Debug|Win32
		{B0D018CA-1967-4A4F-8B89-8A125B4A97C4}.Release|x64.ActiveCfg = Release|x64
		{B0D018CA-1967-4A4F-8B89-8A125B4A97C4}.Release|x64.Build.0 = Release|x64
		{B0D018CA-1967-4A4F-8B89-8A125B4A97C4}.Release|x86.ActiveCfg = Release|Win32
		{B0D018CA-1967-4A4F-8B89-8A125B4A97C4}.Release|x86.Build.0 = Release|Win32
		{18250E49-3B33-4032-B25B-31592AA4CFFA}.Debug|x64.ActiveCfg = Debug|x64
		{18250E49-3B33-4032-B25B-31592AA4CFFA}.Debug|x64.Build.0 = Debug|x64
		{18250E49-3B33-4032-B25B-31592AA4CFFA}.Debug|x86.ActiveCfg = Debug|Win32
		{18250E49-3B33-4032-B25B-31592AA4CFFA}.Debug|x86.Build.0 = Debug|Win32
		{18250E49-3B33-4032-B25B-31592AA4CFFA}.Release|x64.ActiveCfg = Release|x64
		{18250E49-3B33-4032-B25B-31592AA4CFFA}.Release|x64.Build.0 = Release|x64
		{18250E49-3B33-4032-B25B-31592AA4CFFA}.Release|x86.ActiveCfg = Release|Win32
		{18250E49-3B33-4032-B25B-31592AA4CFFA}.Release|x86.Build.0 = Release|Win32
	EndGlobalSection
	GlobalSection(SolutionProperties) = preSolution
		HideSolutionNode = FALSE
	EndGlobalSection
	GlobalSection(ExtensibilityGlobals) = postSolution
		SolutionGuid = {F8CEABEF-2D1E-4546-9217-48A43298933B}
	EndGlobalSection
EndGlobal
