
Microsoft Visual Studio Solution File, Format Version 12.00
# Visual Studio Version 17
VisualStudioVersion = 17.4.33122.133
MinimumVisualStudioVersion = 10.0.40219.1
Project("{8BC9CEB8-8B4A-11D0-8D11-00A0C91BC942}") = "01_homework", "01_homework\01_homework.vcxproj", "{BADC5B0F-9604-486D-8465-9C97C1B80947}"
EndProject
Project("{8BC9CEB8-8B4A-11D0-8D11-00A0C91BC942}") = "02.1_homework", "02_homework\02_homework.vcxproj", "{7E253426-3419-482B-A5CC-8BDB52695E57}"
EndProject
Project("{8BC9CEB8-8B4A-11D0-8D11-00A0C91BC942}") = "02.2_homework", "02.1_homework\02.1_homework.vcxproj", "{E3F5212C-FB16-4BFB-A2D4-895A9BAA232B}"
EndProject
Project("{8BC9CEB8-8B4A-11D0-8D11-00A0C91BC942}") = "03.1_homework", "03.1_homework\03.1_homework.vcxproj", "{097D4AB7-87E8-43A3-AA82-54C31843880C}"
EndProject
Project("{8BC9CEB8-8B4A-11D0-8D11-00A0C91BC942}") = "04_homework", "04_homework\04_homework.vcxproj", "{5CBE79E1-7AA3-4633-BCEF-334E6D98A6EE}"
EndProject
Project("{8BC9CEB8-8B4A-11D0-8D11-00A0C91BC942}") = "05_homework", "05_homework\05_homework.vcxproj", "{70127023-2567-423E-8C07-2F0961FB041B}"
EndProject
Project("{8BC9CEB8-8B4A-11D0-8D11-00A0C91BC942}") = "06_homework", "06_homework\06_homework.vcxproj", "{42C61FE6-61D1-4652-8C19-EAC5DBDE919C}"
EndProject
Project("{8BC9CEB8-8B4A-11D0-8D11-00A0C91BC942}") = "07_homework", "07_homework\07_homework.vcxproj", "{FF2EA95B-0DF3-4327-9232-9D52C1D25780}"
EndProject
Project("{8BC9CEB8-8B4A-11D0-8D11-00A0C91BC942}") = "08_homework", "08_homework\08_homework.vcxproj", "{6A81232D-6BDB-44D1-BCA8-2319B2652DC0}"
EndProject
Project("{8BC9CEB8-8B4A-11D0-8D11-00A0C91BC942}") = "09_homework (Class Wars)", "09_homework\09_homework.vcxproj", "{B0D018CA-1967-4A4F-8B89-8A125B4A97C4}"
EndProject
Project("{8BC9CEB8-8B4A-11D0-8D11-00A0C91BC942}") = "10_homework", "10_homework\10_homework.vcxproj", "{18250E49-3B33-4032-B25B-31592AA4CFFA}"
EndProject
Project("{8BC9CEB8-8B4A-11D0-8D11-00A0C91BC942}") = "11_homework", "11_homework\11_homework.vcxproj", "{1CEB3C80-2ADB-4E1D-B55C-2F92B6DC8072}"
EndProject
Project("{8BC9CEB8-8B4A-11D0-8D11-00A0C91BC942}") = "12.1_homework", "12.1_homework\12.1_homework.vcxproj", "{971463E0-ECE7-42D8-8493-857C8C898E21}"
EndProject
Project("{8BC9CEB8-8B4A-11D0-8D11-00A0C91BC942}") = "12.2_homework", "12.2_homework\12.2_homework.vcxproj", "{A0A778B9-8F58-47B3-9BB0-5BFE498825ED}"
EndProject
Project("{8BC9CEB8-8B4A-11D0-8D11-00A0C91BC942}") = "13_homework", "13_homework\13_homework.vcxproj", "{4B36BCC9-5BFE-4B01-B66D-6A5E4A3BF4BE}"
EndProject
Project("{8BC9CEB8-8B4A-11D0-8D11-00A0C91BC942}") = "14.1_homework", "14.1_homework\14.1_homework.vcxproj", "{FE3B2C3D-0B79-430B-B99B-F52A8D3CD4DA}"
EndProject
Project("{8BC9CEB8-8B4A-11D0-8D11-00A0C91BC942}") = "15.1_homework", "15.1_homework\15.1_homework.vcxproj", "{9D80DCB3-BDF3-4249-A1DB-5B7F1B39D5BE}"
EndProject
Project("{8BC9CEB8-8B4A-11D0-8D11-00A0C91BC942}") = "16.1_homework", "16.1_homework\16.1_homework.vcxproj", "{D0AD6718-17D7-4A9E-BEAC-8DD6BF273C27}"
EndProject
Project("{8BC9CEB8-8B4A-11D0-8D11-00A0C91BC942}") = "17_homework", "17_homework\17_homework.vcxproj", "{2849E8FC-5D2B-4082-A4CA-BA9CBEFD7821}"
EndProject
Project("{8BC9CEB8-8B4A-11D0-8D11-00A0C91BC942}") = "18.1_homework", "18.1_homework\18.1_homework.vcxproj", "{8DDEA98A-58A1-44D7-817A-89D2DEADC244}"
EndProject
Project("{8BC9CEB8-8B4A-11D0-8D11-00A0C91BC942}") = "19.1_homework", "19.1_homework\19.1_homework.vcxproj", "{3441241B-4700-4D0A-A975-A80BA8D6D6BD}"
EndProject
Project("{8BC9CEB8-8B4A-11D0-8D11-00A0C91BC942}") = "19.2_homework", "19.2_homework\19.2_homework.vcxproj", "{927F97D8-5EC5-4884-8E7F-2861F6EA4B2B}"
EndProject
Project("{8BC9CEB8-8B4A-11D0-8D11-00A0C91BC942}") = "20_homework", "20_homework\20_homework.vcxproj", "{BC63865B-38D7-4B5A-8958-6DE19BD8B7CC}"
EndProject
Project("{8BC9CEB8-8B4A-11D0-8D11-00A0C91BC942}") = "21_homework", "21_homework\21_homework.vcxproj", "{6B27AB33-7267-41A5-BF2D-4E1A8641F161}"
EndProject
Project("{8BC9CEB8-8B4A-11D0-8D11-00A0C91BC942}") = "22_homework", "22_homework\22_homework.vcxproj", "{0C01728F-F1AD-4992-B143-79A076C1F64E}"
EndProject
Project("{8BC9CEB8-8B4A-11D0-8D11-00A0C91BC942}") = "23_homework", "23_homework\23_homework.vcxproj", "{E304FC7E-E951-433F-B2CB-AD036E4149A4}"
EndProject
Project("{8BC9CEB8-8B4A-11D0-8D11-00A0C91BC942}") = "24_homework", "24_homework\24_homework.vcxproj", "{E270BA45-B1CF-44DC-96F4-69526F37986B}"
EndProject
Global
	GlobalSection(SolutionConfigurationPlatforms) = preSolution
		Debug|x64 = Debug|x64
		Debug|x86 = Debug|x86
		Release|x64 = Release|x64
		Release|x86 = Release|x86
	EndGlobalSection
	GlobalSection(ProjectConfigurationPlatforms) = postSolution
		{BADC5B0F-9604-486D-8465-9C97C1B80947}.Debug|x64.ActiveCfg = Debug|x64
		{BADC5B0F-9604-486D-8465-9C97C1B80947}.Debug|x64.Build.0 = Debug|x64
		{BADC5B0F-9604-486D-8465-9C97C1B80947}.Debug|x86.ActiveCfg = Debug|Win32
		{BADC5B0F-9604-486D-8465-9C97C1B80947}.Debug|x86.Build.0 = Debug|Win32
		{BADC5B0F-9604-486D-8465-9C97C1B80947}.Release|x64.ActiveCfg = Release|x64
		{BADC5B0F-9604-486D-8465-9C97C1B80947}.Release|x64.Build.0 = Release|x64
		{BADC5B0F-9604-486D-8465-9C97C1B80947}.Release|x86.ActiveCfg = Release|Win32
		{BADC5B0F-9604-486D-8465-9C97C1B80947}.Release|x86.Build.0 = Release|Win32
		{7E253426-3419-482B-A5CC-8BDB52695E57}.Debug|x64.ActiveCfg = Debug|x64
		{7E253426-3419-482B-A5CC-8BDB52695E57}.Debug|x64.Build.0 = Debug|x64
		{7E253426-3419-482B-A5CC-8BDB52695E57}.Debug|x86.ActiveCfg = Debug|Win32
		{7E253426-3419-482B-A5CC-8BDB52695E57}.Debug|x86.Build.0 = Debug|Win32
		{7E253426-3419-482B-A5CC-8BDB52695E57}.Release|x64.ActiveCfg = Release|x64
		{7E253426-3419-482B-A5CC-8BDB52695E57}.Release|x64.Build.0 = Release|x64
		{7E253426-3419-482B-A5CC-8BDB52695E57}.Release|x86.ActiveCfg = Release|Win32
		{7E253426-3419-482B-A5CC-8BDB52695E57}.Release|x86.Build.0 = Release|Win32
		{E3F5212C-FB16-4BFB-A2D4-895A9BAA232B}.Debug|x64.ActiveCfg = Debug|x64
		{E3F5212C-FB16-4BFB-A2D4-895A9BAA232B}.Debug|x64.Build.0 = Debug|x64
		{E3F5212C-FB16-4BFB-A2D4-895A9BAA232B}.Debug|x86.ActiveCfg = Debug|Win32
		{E3F5212C-FB16-4BFB-A2D4-895A9BAA232B}.Debug|x86.Build.0 = Debug|Win32
		{E3F5212C-FB16-4BFB-A2D4-895A9BAA232B}.Release|x64.ActiveCfg = Release|x64
		{E3F5212C-FB16-4BFB-A2D4-895A9BAA232B}.Release|x64.Build.0 = Release|x64
		{E3F5212C-FB16-4BFB-A2D4-895A9BAA232B}.Release|x86.ActiveCfg = Release|Win32
		{E3F5212C-FB16-4BFB-A2D4-895A9BAA232B}.Release|x86.Build.0 = Release|Win32
		{097D4AB7-87E8-43A3-AA82-54C31843880C}.Debug|x64.ActiveCfg = Debug|x64
		{097D4AB7-87E8-43A3-AA82-54C31843880C}.Debug|x64.Build.0 = Debug|x64
		{097D4AB7-87E8-43A3-AA82-54C31843880C}.Debug|x86.ActiveCfg = Debug|Win32
		{097D4AB7-87E8-43A3-AA82-54C31843880C}.Debug|x86.Build.0 = Debug|Win32
		{097D4AB7-87E8-43A3-AA82-54C31843880C}.Release|x64.ActiveCfg = Release|x64
		{097D4AB7-87E8-43A3-AA82-54C31843880C}.Release|x64.Build.0 = Release|x64
		{097D4AB7-87E8-43A3-AA82-54C31843880C}.Release|x86.ActiveCfg = Release|Win32
		{097D4AB7-87E8-43A3-AA82-54C31843880C}.Release|x86.Build.0 = Release|Win32
		{5CBE79E1-7AA3-4633-BCEF-334E6D98A6EE}.Debug|x64.ActiveCfg = Debug|x64
		{5CBE79E1-7AA3-4633-BCEF-334E6D98A6EE}.Debug|x64.Build.0 = Debug|x64
		{5CBE79E1-7AA3-4633-BCEF-334E6D98A6EE}.Debug|x86.ActiveCfg = Debug|Win32
		{5CBE79E1-7AA3-4633-BCEF-334E6D98A6EE}.Debug|x86.Build.0 = Debug|Win32
		{5CBE79E1-7AA3-4633-BCEF-334E6D98A6EE}.Release|x64.ActiveCfg = Release|x64
		{5CBE79E1-7AA3-4633-BCEF-334E6D98A6EE}.Release|x64.Build.0 = Release|x64
		{5CBE79E1-7AA3-4633-BCEF-334E6D98A6EE}.Release|x86.ActiveCfg = Release|Win32
		{5CBE79E1-7AA3-4633-BCEF-334E6D98A6EE}.Release|x86.Build.0 = Release|Win32
		{70127023-2567-423E-8C07-2F0961FB041B}.Debug|x64.ActiveCfg = Debug|x64
		{70127023-2567-423E-8C07-2F0961FB041B}.Debug|x64.Build.0 = Debug|x64
		{70127023-2567-423E-8C07-2F0961FB041B}.Debug|x86.ActiveCfg = Debug|Win32
		{70127023-2567-423E-8C07-2F0961FB041B}.Debug|x86.Build.0 = Debug|Win32
		{70127023-2567-423E-8C07-2F0961FB041B}.Release|x64.ActiveCfg = Release|x64
		{70127023-2567-423E-8C07-2F0961FB041B}.Release|x64.Build.0 = Release|x64
		{70127023-2567-423E-8C07-2F0961FB041B}.Release|x86.ActiveCfg = Release|Win32
		{70127023-2567-423E-8C07-2F0961FB041B}.Release|x86.Build.0 = Release|Win32
		{42C61FE6-61D1-4652-8C19-EAC5DBDE919C}.Debug|x64.ActiveCfg = Debug|x64
		{42C61FE6-61D1-4652-8C19-EAC5DBDE919C}.Debug|x64.Build.0 = Debug|x64
		{42C61FE6-61D1-4652-8C19-EAC5DBDE919C}.Debug|x86.ActiveCfg = Debug|Win32
		{42C61FE6-61D1-4652-8C19-EAC5DBDE919C}.Debug|x86.Build.0 = Debug|Win32
		{42C61FE6-61D1-4652-8C19-EAC5DBDE919C}.Release|x64.ActiveCfg = Release|x64
		{42C61FE6-61D1-4652-8C19-EAC5DBDE919C}.Release|x64.Build.0 = Release|x64
		{42C61FE6-61D1-4652-8C19-EAC5DBDE919C}.Release|x86.ActiveCfg = Release|Win32
		{42C61FE6-61D1-4652-8C19-EAC5DBDE919C}.Release|x86.Build.0 = Release|Win32
		{FF2EA95B-0DF3-4327-9232-9D52C1D25780}.Debug|x64.ActiveCfg = Debug|x64
		{FF2EA95B-0DF3-4327-9232-9D52C1D25780}.Debug|x64.Build.0 = Debug|x64
		{FF2EA95B-0DF3-4327-9232-9D52C1D25780}.Debug|x86.ActiveCfg = Debug|Win32
		{FF2EA95B-0DF3-4327-9232-9D52C1D25780}.Debug|x86.Build.0 = Debug|Win32
		{FF2EA95B-0DF3-4327-9232-9D52C1D25780}.Release|x64.ActiveCfg = Release|x64
		{FF2EA95B-0DF3-4327-9232-9D52C1D25780}.Release|x64.Build.0 = Release|x64
		{FF2EA95B-0DF3-4327-9232-9D52C1D25780}.Release|x86.ActiveCfg = Release|Win32
		{FF2EA95B-0DF3-4327-9232-9D52C1D25780}.Release|x86.Build.0 = Release|Win32
		{6A81232D-6BDB-44D1-BCA8-2319B2652DC0}.Debug|x64.ActiveCfg = Debug|x64
		{6A81232D-6BDB-44D1-BCA8-2319B2652DC0}.Debug|x64.Build.0 = Debug|x64
		{6A81232D-6BDB-44D1-BCA8-2319B2652DC0}.Debug|x86.ActiveCfg = Debug|Win32
		{6A81232D-6BDB-44D1-BCA8-2319B2652DC0}.Debug|x86.Build.0 = Debug|Win32
		{6A81232D-6BDB-44D1-BCA8-2319B2652DC0}.Release|x64.ActiveCfg = Release|x64
		{6A81232D-6BDB-44D1-BCA8-2319B2652DC0}.Release|x64.Build.0 = Release|x64
		{6A81232D-6BDB-44D1-BCA8-2319B2652DC0}.Release|x86.ActiveCfg = Release|Win32
		{6A81232D-6BDB-44D1-BCA8-2319B2652DC0}.Release|x86.Build.0 = Release|Win32
		{B0D018CA-1967-4A4F-8B89-8A125B4A97C4}.Debug|x64.ActiveCfg = Debug|x64
		{B0D018CA-1967-4A4F-8B89-8A125B4A97C4}.Debug|x64.Build.0 = Debug|x64
		{B0D018CA-1967-4A4F-8B89-8A125B4A97C4}.Debug|x86.ActiveCfg = Debug|Win32
		{B0D018CA-1967-4A4F-8B89-8A125B4A97C4}.Debug|x86.Build.0 = Debug|Win32
		{B0D018CA-1967-4A4F-8B89-8A125B4A97C4}.Release|x64.ActiveCfg = Release|x64
		{B0D018CA-1967-4A4F-8B89-8A125B4A97C4}.Release|x64.Build.0 = Release|x64
		{B0D018CA-1967-4A4F-8B89-8A125B4A97C4}.Release|x86.ActiveCfg = Release|Win32
		{B0D018CA-1967-4A4F-8B89-8A125B4A97C4}.Release|x86.Build.0 = Release|Win32
		{18250E49-3B33-4032-B25B-31592AA4CFFA}.Debug|x64.ActiveCfg = Debug|x64
		{18250E49-3B33-4032-B25B-31592AA4CFFA}.Debug|x64.Build.0 = Debug|x64
		{18250E49-3B33-4032-B25B-31592AA4CFFA}.Debug|x86.ActiveCfg = Debug|Win32
		{18250E49-3B33-4032-B25B-31592AA4CFFA}.Debug|x86.Build.0 = Debug|Win32
		{18250E49-3B33-4032-B25B-31592AA4CFFA}.Release|x64.ActiveCfg = Release|x64
		{18250E49-3B33-4032-B25B-31592AA4CFFA}.Release|x64.Build.0 = Release|x64
		{18250E49-3B33-4032-B25B-31592AA4CFFA}.Release|x86.ActiveCfg = Release|Win32
		{18250E49-3B33-4032-B25B-31592AA4CFFA}.Release|x86.Build.0 = Release|Win32
		{1CEB3C80-2ADB-4E1D-B55C-2F92B6DC8072}.Debug|x64.ActiveCfg = Debug|x64
		{1CEB3C80-2ADB-4E1D-B55C-2F92B6DC8072}.Debug|x64.Build.0 = Debug|x64
		{1CEB3C80-2ADB-4E1D-B55C-2F92B6DC8072}.Debug|x86.ActiveCfg = Debug|Win32
		{1CEB3C80-2ADB-4E1D-B55C-2F92B6DC8072}.Debug|x86.Build.0 = Debug|Win32
		{1CEB3C80-2ADB-4E1D-B55C-2F92B6DC8072}.Release|x64.ActiveCfg = Release|x64
		{1CEB3C80-2ADB-4E1D-B55C-2F92B6DC8072}.Release|x64.Build.0 = Release|x64
		{1CEB3C80-2ADB-4E1D-B55C-2F92B6DC8072}.Release|x86.ActiveCfg = Release|Win32
		{1CEB3C80-2ADB-4E1D-B55C-2F92B6DC8072}.Release|x86.Build.0 = Release|Win32
		{971463E0-ECE7-42D8-8493-857C8C898E21}.Debug|x64.ActiveCfg = Debug|x64
		{971463E0-ECE7-42D8-8493-857C8C898E21}.Debug|x64.Build.0 = Debug|x64
		{971463E0-ECE7-42D8-8493-857C8C898E21}.Debug|x86.ActiveCfg = Debug|Win32
		{971463E0-ECE7-42D8-8493-857C8C898E21}.Debug|x86.Build.0 = Debug|Win32
		{971463E0-ECE7-42D8-8493-857C8C898E21}.Release|x64.ActiveCfg = Release|x64
		{971463E0-ECE7-42D8-8493-857C8C898E21}.Release|x64.Build.0 = Release|x64
		{971463E0-ECE7-42D8-8493-857C8C898E21}.Release|x86.ActiveCfg = Release|Win32
		{971463E0-ECE7-42D8-8493-857C8C898E21}.Release|x86.Build.0 = Release|Win32
		{A0A778B9-8F58-47B3-9BB0-5BFE498825ED}.Debug|x64.ActiveCfg = Debug|x64
		{A0A778B9-8F58-47B3-9BB0-5BFE498825ED}.Debug|x64.Build.0 = Debug|x64
		{A0A778B9-8F58-47B3-9BB0-5BFE498825ED}.Debug|x86.ActiveCfg = Debug|Win32
		{A0A778B9-8F58-47B3-9BB0-5BFE498825ED}.Debug|x86.Build.0 = Debug|Win32
		{A0A778B9-8F58-47B3-9BB0-5BFE498825ED}.Release|x64.ActiveCfg = Release|x64
		{A0A778B9-8F58-47B3-9BB0-5BFE498825ED}.Release|x64.Build.0 = Release|x64
		{A0A778B9-8F58-47B3-9BB0-5BFE498825ED}.Release|x86.ActiveCfg = Release|Win32
		{A0A778B9-8F58-47B3-9BB0-5BFE498825ED}.Release|x86.Build.0 = Release|Win32
		{4B36BCC9-5BFE-4B01-B66D-6A5E4A3BF4BE}.Debug|x64.ActiveCfg = Debug|x64
		{4B36BCC9-5BFE-4B01-B66D-6A5E4A3BF4BE}.Debug|x64.Build.0 = Debug|x64
		{4B36BCC9-5BFE-4B01-B66D-6A5E4A3BF4BE}.Debug|x86.ActiveCfg = Debug|Win32
		{4B36BCC9-5BFE-4B01-B66D-6A5E4A3BF4BE}.Debug|x86.Build.0 = Debug|Win32
		{4B36BCC9-5BFE-4B01-B66D-6A5E4A3BF4BE}.Release|x64.ActiveCfg = Release|x64
		{4B36BCC9-5BFE-4B01-B66D-6A5E4A3BF4BE}.Release|x64.Build.0 = Release|x64
		{4B36BCC9-5BFE-4B01-B66D-6A5E4A3BF4BE}.Release|x86.ActiveCfg = Release|Win32
		{4B36BCC9-5BFE-4B01-B66D-6A5E4A3BF4BE}.Release|x86.Build.0 = Release|Win32
		{FE3B2C3D-0B79-430B-B99B-F52A8D3CD4DA}.Debug|x64.ActiveCfg = Debug|x64
		{FE3B2C3D-0B79-430B-B99B-F52A8D3CD4DA}.Debug|x64.Build.0 = Debug|x64
		{FE3B2C3D-0B79-430B-B99B-F52A8D3CD4DA}.Debug|x86.ActiveCfg = Debug|Win32
		{FE3B2C3D-0B79-430B-B99B-F52A8D3CD4DA}.Debug|x86.Build.0 = Debug|Win32
		{FE3B2C3D-0B79-430B-B99B-F52A8D3CD4DA}.Release|x64.ActiveCfg = Release|x64
		{FE3B2C3D-0B79-430B-B99B-F52A8D3CD4DA}.Release|x64.Build.0 = Release|x64
		{FE3B2C3D-0B79-430B-B99B-F52A8D3CD4DA}.Release|x86.ActiveCfg = Release|Win32
		{FE3B2C3D-0B79-430B-B99B-F52A8D3CD4DA}.Release|x86.Build.0 = Release|Win32
		{9D80DCB3-BDF3-4249-A1DB-5B7F1B39D5BE}.Debug|x64.ActiveCfg = Debug|x64
		{9D80DCB3-BDF3-4249-A1DB-5B7F1B39D5BE}.Debug|x64.Build.0 = Debug|x64
		{9D80DCB3-BDF3-4249-A1DB-5B7F1B39D5BE}.Debug|x86.ActiveCfg = Debug|Win32
		{9D80DCB3-BDF3-4249-A1DB-5B7F1B39D5BE}.Debug|x86.Build.0 = Debug|Win32
		{9D80DCB3-BDF3-4249-A1DB-5B7F1B39D5BE}.Release|x64.ActiveCfg = Release|x64
		{9D80DCB3-BDF3-4249-A1DB-5B7F1B39D5BE}.Release|x64.Build.0 = Release|x64
		{9D80DCB3-BDF3-4249-A1DB-5B7F1B39D5BE}.Release|x86.ActiveCfg = Release|Win32
		{9D80DCB3-BDF3-4249-A1DB-5B7F1B39D5BE}.Release|x86.Build.0 = Release|Win32
		{D0AD6718-17D7-4A9E-BEAC-8DD6BF273C27}.Debug|x64.ActiveCfg = Debug|x64
		{D0AD6718-17D7-4A9E-BEAC-8DD6BF273C27}.Debug|x64.Build.0 = Debug|x64
		{D0AD6718-17D7-4A9E-BEAC-8DD6BF273C27}.Debug|x86.ActiveCfg = Debug|Win32
		{D0AD6718-17D7-4A9E-BEAC-8DD6BF273C27}.Debug|x86.Build.0 = Debug|Win32
		{D0AD6718-17D7-4A9E-BEAC-8DD6BF273C27}.Release|x64.ActiveCfg = Release|x64
		{D0AD6718-17D7-4A9E-BEAC-8DD6BF273C27}.Release|x64.Build.0 = Release|x64
		{D0AD6718-17D7-4A9E-BEAC-8DD6BF273C27}.Release|x86.ActiveCfg = Release|Win32
		{D0AD6718-17D7-4A9E-BEAC-8DD6BF273C27}.Release|x86.Build.0 = Release|Win32
		{2849E8FC-5D2B-4082-A4CA-BA9CBEFD7821}.Debug|x64.ActiveCfg = Debug|x64
		{2849E8FC-5D2B-4082-A4CA-BA9CBEFD7821}.Debug|x64.Build.0 = Debug|x64
		{2849E8FC-5D2B-4082-A4CA-BA9CBEFD7821}.Debug|x86.ActiveCfg = Debug|Win32
		{2849E8FC-5D2B-4082-A4CA-BA9CBEFD7821}.Debug|x86.Build.0 = Debug|Win32
		{2849E8FC-5D2B-4082-A4CA-BA9CBEFD7821}.Release|x64.ActiveCfg = Release|x64
		{2849E8FC-5D2B-4082-A4CA-BA9CBEFD7821}.Release|x64.Build.0 = Release|x64
		{2849E8FC-5D2B-4082-A4CA-BA9CBEFD7821}.Release|x86.ActiveCfg = Release|Win32
		{2849E8FC-5D2B-4082-A4CA-BA9CBEFD7821}.Release|x86.Build.0 = Release|Win32
		{8DDEA98A-58A1-44D7-817A-89D2DEADC244}.Debug|x64.ActiveCfg = Debug|x64
		{8DDEA98A-58A1-44D7-817A-89D2DEADC244}.Debug|x64.Build.0 = Debug|x64
		{8DDEA98A-58A1-44D7-817A-89D2DEADC244}.Debug|x86.ActiveCfg = Debug|Win32
		{8DDEA98A-58A1-44D7-817A-89D2DEADC244}.Debug|x86.Build.0 = Debug|Win32
		{8DDEA98A-58A1-44D7-817A-89D2DEADC244}.Release|x64.ActiveCfg = Release|x64
		{8DDEA98A-58A1-44D7-817A-89D2DEADC244}.Release|x64.Build.0 = Release|x64
		{8DDEA98A-58A1-44D7-817A-89D2DEADC244}.Release|x86.ActiveCfg = Release|Win32
		{8DDEA98A-58A1-44D7-817A-89D2DEADC244}.Release|x86.Build.0 = Release|Win32
		{3441241B-4700-4D0A-A975-A80BA8D6D6BD}.Debug|x64.ActiveCfg = Debug|x64
		{3441241B-4700-4D0A-A975-A80BA8D6D6BD}.Debug|x64.Build.0 = Debug|x64
		{3441241B-4700-4D0A-A975-A80BA8D6D6BD}.Debug|x86.ActiveCfg = Debug|Win32
		{3441241B-4700-4D0A-A975-A80BA8D6D6BD}.Debug|x86.Build.0 = Debug|Win32
		{3441241B-4700-4D0A-A975-A80BA8D6D6BD}.Release|x64.ActiveCfg = Release|x64
		{3441241B-4700-4D0A-A975-A80BA8D6D6BD}.Release|x64.Build.0 = Release|x64
		{3441241B-4700-4D0A-A975-A80BA8D6D6BD}.Release|x86.ActiveCfg = Release|Win32
		{3441241B-4700-4D0A-A975-A80BA8D6D6BD}.Release|x86.Build.0 = Release|Win32
		{927F97D8-5EC5-4884-8E7F-2861F6EA4B2B}.Debug|x64.ActiveCfg = Debug|x64
		{927F97D8-5EC5-4884-8E7F-2861F6EA4B2B}.Debug|x64.Build.0 = Debug|x64
		{927F97D8-5EC5-4884-8E7F-2861F6EA4B2B}.Debug|x86.ActiveCfg = Debug|Win32
		{927F97D8-5EC5-4884-8E7F-2861F6EA4B2B}.Debug|x86.Build.0 = Debug|Win32
		{927F97D8-5EC5-4884-8E7F-2861F6EA4B2B}.Release|x64.ActiveCfg = Release|x64
		{927F97D8-5EC5-4884-8E7F-2861F6EA4B2B}.Release|x64.Build.0 = Release|x64
		{927F97D8-5EC5-4884-8E7F-2861F6EA4B2B}.Release|x86.ActiveCfg = Release|Win32
		{927F97D8-5EC5-4884-8E7F-2861F6EA4B2B}.Release|x86.Build.0 = Release|Win32
		{BC63865B-38D7-4B5A-8958-6DE19BD8B7CC}.Debug|x64.ActiveCfg = Debug|x64
		{BC63865B-38D7-4B5A-8958-6DE19BD8B7CC}.Debug|x64.Build.0 = Debug|x64
		{BC63865B-38D7-4B5A-8958-6DE19BD8B7CC}.Debug|x86.ActiveCfg = Debug|Win32
		{BC63865B-38D7-4B5A-8958-6DE19BD8B7CC}.Debug|x86.Build.0 = Debug|Win32
		{BC63865B-38D7-4B5A-8958-6DE19BD8B7CC}.Release|x64.ActiveCfg = Release|x64
		{BC63865B-38D7-4B5A-8958-6DE19BD8B7CC}.Release|x64.Build.0 = Release|x64
		{BC63865B-38D7-4B5A-8958-6DE19BD8B7CC}.Release|x86.ActiveCfg = Release|Win32
		{BC63865B-38D7-4B5A-8958-6DE19BD8B7CC}.Release|x86.Build.0 = Release|Win32
		{6B27AB33-7267-41A5-BF2D-4E1A8641F161}.Debug|x64.ActiveCfg = Debug|x64
		{6B27AB33-7267-41A5-BF2D-4E1A8641F161}.Debug|x64.Build.0 = Debug|x64
		{6B27AB33-7267-41A5-BF2D-4E1A8641F161}.Debug|x86.ActiveCfg = Debug|Win32
		{6B27AB33-7267-41A5-BF2D-4E1A8641F161}.Debug|x86.Build.0 = Debug|Win32
		{6B27AB33-7267-41A5-BF2D-4E1A8641F161}.Release|x64.ActiveCfg = Release|x64
		{6B27AB33-7267-41A5-BF2D-4E1A8641F161}.Release|x64.Build.0 = Release|x64
		{6B27AB33-7267-41A5-BF2D-4E1A8641F161}.Release|x86.ActiveCfg = Release|Win32
		{6B27AB33-7267-41A5-BF2D-4E1A8641F161}.Release|x86.Build.0 = Release|Win32
		{0C01728F-F1AD-4992-B143-79A076C1F64E}.Debug|x64.ActiveCfg = Debug|x64
		{0C01728F-F1AD-4992-B143-79A076C1F64E}.Debug|x64.Build.0 = Debug|x64
		{0C01728F-F1AD-4992-B143-79A076C1F64E}.Debug|x86.ActiveCfg = Debug|Win32
		{0C01728F-F1AD-4992-B143-79A076C1F64E}.Debug|x86.Build.0 = Debug|Win32
		{0C01728F-F1AD-4992-B143-79A076C1F64E}.Release|x64.ActiveCfg = Release|x64
		{0C01728F-F1AD-4992-B143-79A076C1F64E}.Release|x64.Build.0 = Release|x64
		{0C01728F-F1AD-4992-B143-79A076C1F64E}.Release|x86.ActiveCfg = Release|Win32
		{0C01728F-F1AD-4992-B143-79A076C1F64E}.Release|x86.Build.0 = Release|Win32
		{E304FC7E-E951-433F-B2CB-AD036E4149A4}.Debug|x64.ActiveCfg = Debug|x64
		{E304FC7E-E951-433F-B2CB-AD036E4149A4}.Debug|x64.Build.0 = Debug|x64
		{E304FC7E-E951-433F-B2CB-AD036E4149A4}.Debug|x86.ActiveCfg = Debug|Win32
		{E304FC7E-E951-433F-B2CB-AD036E4149A4}.Debug|x86.Build.0 = Debug|Win32
		{E304FC7E-E951-433F-B2CB-AD036E4149A4}.Release|x64.ActiveCfg = Release|x64
		{E304FC7E-E951-433F-B2CB-AD036E4149A4}.Release|x64.Build.0 = Release|x64
		{E304FC7E-E951-433F-B2CB-AD036E4149A4}.Release|x86.ActiveCfg = Release|Win32
		{E304FC7E-E951-433F-B2CB-AD036E4149A4}.Release|x86.Build.0 = Release|Win32
		{E270BA45-B1CF-44DC-96F4-69526F37986B}.Debug|x64.ActiveCfg = Debug|x64
		{E270BA45-B1CF-44DC-96F4-69526F37986B}.Debug|x64.Build.0 = Debug|x64
		{E270BA45-B1CF-44DC-96F4-69526F37986B}.Debug|x86.ActiveCfg = Debug|Win32
		{E270BA45-B1CF-44DC-96F4-69526F37986B}.Debug|x86.Build.0 = Debug|Win32
		{E270BA45-B1CF-44DC-96F4-69526F37986B}.Release|x64.ActiveCfg = Release|x64
		{E270BA45-B1CF-44DC-96F4-69526F37986B}.Release|x64.Build.0 = Release|x64
		{E270BA45-B1CF-44DC-96F4-69526F37986B}.Release|x86.ActiveCfg = Release|Win32
		{E270BA45-B1CF-44DC-96F4-69526F37986B}.Release|x86.Build.0 = Release|Win32
	EndGlobalSection
	GlobalSection(SolutionProperties) = preSolution
		HideSolutionNode = FALSE
	EndGlobalSection
	GlobalSection(ExtensibilityGlobals) = postSolution
		SolutionGuid = {F8CEABEF-2D1E-4546-9217-48A43298933B}
	EndGlobalSection
EndGlobal
